
Microsoft Visual Studio Solution File, Format Version 12.00
# Visual Studio Version 16
VisualStudioVersion = 16.0.28705.295
MinimumVisualStudioVersion = 10.0.40219.1
Project("{888888A0-9F3D-457C-B088-3A5042F75D52}") = "GUIcalculator", "GUIcalculator.pyproj", "{5A5246CE-4D68-4F78-B906-523CABBD4868}"
EndProject
Global
	GlobalSection(SolutionConfigurationPlatforms) = preSolution
		Debug|Any CPU = Debug|Any CPU
		Release|Any CPU = Release|Any CPU
	EndGlobalSection
	GlobalSection(ProjectConfigurationPlatforms) = postSolution
		{5A5246CE-4D68-4F78-B906-523CABBD4868}.Debug|Any CPU.ActiveCfg = Debug|Any CPU
		{5A5246CE-4D68-4F78-B906-523CABBD4868}.Release|Any CPU.ActiveCfg = Release|Any CPU
	EndGlobalSection
	GlobalSection(SolutionProperties) = preSolution
		HideSolutionNode = FALSE
	EndGlobalSection
	GlobalSection(ExtensibilityGlobals) = postSolution
		SolutionGuid = {21453BE5-F204-4618-BB68-C76005FCE5A2}
	EndGlobalSection
EndGlobal
